{
  "name": "telegram-xai-bot",
  "version": "1.0.0",
  "lockfileVersion": 3,
  "requires": true,
  "packages": {
    "": {
      "name": "telegram-xai-bot",
      "version": "1.0.0",
      "dependencies": {
        "@fal-ai/client": "^1.2.0",
        "@heyputer/puter.js": "^2.1.0",
        "dotenv": "^16.4.5",
        "telegraf": "^4.16.3"
      }
    },
    "node_modules/@fal-ai/client": {
      "version": "1.10.1",
      "resolved": "https://registry.npmjs.org/@fal-ai/client/-/client-1.10.1.tgz",
      "integrity": "sha512-c3AVeH31OioiI2J1BfW8Cryi1DhUYldnY3X35nv6xLMq3fU2NQOo+eYaR5mL2O8MoHHh+HzXdQuIyanIyeq+ug==",
      "license": "MIT",
      "dependencies": {
        "@msgpack/msgpack": "^3.0.0-beta2",
        "eventsource-parser": "^1.1.2",
        "robot3": "^0.4.1"
      },
      "engines": {
        "node": ">=18.0.0"
      }
    },
    "node_modules/@heyputer/kv.js": {
      "version": "0.2.1",
      "resolved": "https://registry.npmjs.org/@heyputer/kv.js/-/kv.js-0.2.1.tgz",
      "integrity": "sha512-YhVtzz7ZA/HmuaDvzZZhhUyQWBvp3/TXeY4jULssTdLJwT+tEM4BTYHXttORX+V5auvrYinjj8dNFQnby5T82w==",
      "license": "MIT"
    },
    "node_modules/@heyputer/puter.js": {
      "version": "2.5.4",
      "resolved": "https://registry.npmjs.org/@heyputer/puter.js/-/puter.js-2.5.4.tgz",
      "integrity": "sha512-gZNbTB2k+CLL3zG/RHwpQlcj35+rwQyEn1YebwC09aiMlCT9L3Wr9uU0I18fk/tnA3EFWXWC6Zf2yyse2aJ6oQ==",
      "license": "Apache-2.0",
      "dependencies": {
        "@heyputer/kv.js": "^0.2.1",
        "open": "^10.2.0"
      }
    },
    "node_modules/@msgpack/msgpack": {
      "version": "3.1.3",
      "resolved": "https://registry.npmjs.org/@msgpack/msgpack/-/msgpack-3.1.3.tgz",
      "integrity": "sha512-47XIizs9XZXvuJgoaJUIE2lFoID8ugvc0jzSHP+Ptfk8nTbnR8g788wv48N03Kx0UkAv559HWRQ3yzOgzlRNUA==",
      "license": "ISC",
      "engines": {
        "node": ">= 18"
      }
    },
    "node_modules/@telegraf/types": {
      "version": "7.1.0",
      "resolved": "https://registry.npmjs.org/@telegraf/types/-/types-7.1.0.tgz",
      "integrity": "sha512-kGevOIbpMcIlCDeorKGpwZmdH7kHbqlk/Yj6dEpJMKEQw5lk0KVQY0OLXaCswy8GqlIVLd5625OB+rAntP9xVw==",
      "license": "MIT"
    },
    "node_modules/abort-controller": {
      "version": "3.0.0",
      "resolved": "https://registry.npmjs.org/abort-controller/-/abort-controller-3.0.0.tgz",
      "integrity": "sha512-h8lQ8tacZYnR3vNQTgibj+tODHI5/+l06Au2Pcriv/Gmet0eaj4TwWH41sO9wnHDiQsEj19q0drzdWdeAHtweg==",
      "license": "MIT",
      "dependencies": {
        "event-target-shim": "^5.0.0"
      },
      "engines": {
        "node": ">=6.5"
      }
    },
    "node_modules/buffer-alloc": {
      "version": "1.2.0",
      "resolved": "https://registry.npmjs.org/buffer-alloc/-/buffer-alloc-1.2.0.tgz",
      "integrity": "sha512-CFsHQgjtW1UChdXgbyJGtnm+O/uLQeZdtbDo8mfUgYXCHSM1wgrVxXm6bSyrUuErEb+4sYVGCzASBRot7zyrow==",
      "license": "MIT",
      "dependencies": {
        "buffer-alloc-unsafe": "^1.1.0",
        "buffer-fill": "^1.0.0"
      }
    },
    "node_modules/buffer-alloc-unsafe": {
      "version": "1.1.0",
      "resolved": "https://registry.npmjs.org/buffer-alloc-unsafe/-/buffer-alloc-unsafe-1.1.0.tgz",
      "integrity": "sha512-TEM2iMIEQdJ2yjPJoSIsldnleVaAk1oW3DBVUykyOLsEsFmEc9kn+SFFPz+gl54KQNxlDnAwCXosOS9Okx2xAg==",
      "license": "MIT"
    },
    "node_modules/buffer-fill": {
      "version": "1.0.0",
      "resolved": "https://registry.npmjs.org/buffer-fill/-/buffer-fill-1.0.0.tgz",
      "integrity": "sha512-T7zexNBwiiaCOGDg9xNX9PBmjrubblRkENuptryuI64URkXDFum9il/JGL8Lm8wYfAXpredVXXZz7eMHilimiQ==",
      "license": "MIT"
    },
    "node_modules/bundle-name": {
      "version": "4.1.0",
      "resolved": "https://registry.npmjs.org/bundle-name/-/bundle-name-4.1.0.tgz",
      "integrity": "sha512-tjwM5exMg6BGRI+kNmTntNsvdZS1X8BFYS6tnJ2hdH0kVxM6/eVZ2xy+FqStSWvYmtfFMDLIxurorHwDKfDz5Q==",
      "license": "MIT",
      "dependencies": {
        "run-applescript": "^7.0.0"
      },
      "engines": {
        "node": ">=18"
      },
      "funding": {
        "url": "https://github.com/sponsors/sindresorhus"
      }
    },
    "node_modules/debug": {
      "version": "4.4.3",
      "resolved": "https://registry.npmjs.org/debug/-/debug-4.4.3.tgz",
      "integrity": "sha512-RGwwWnwQvkVfavKVt22FGLw+xYSdzARwm0ru6DhTVA3umU5hZc28V3kO4stgYryrTlLpuvgI9GiijltAjNbcqA==",
      "license": "MIT",
      "dependencies": {
        "ms": "^2.1.3"
      },
      "engines": {
        "node": ">=6.0"
      },
      "peerDependenciesMeta": {
        "supports-color": {
          "optional": true
        }
      }
    },
    "node_modules/default-browser": {
      "version": "5.5.0",
      "resolved": "https://registry.npmjs.org/default-browser/-/default-browser-5.5.0.tgz",
      "integrity": "sha512-H9LMLr5zwIbSxrmvikGuI/5KGhZ8E2zH3stkMgM5LpOWDutGM2JZaj460Udnf1a+946zc7YBgrqEWwbk7zHvGw==",
      "license": "MIT",
      "dependencies": {
        "bundle-name": "^4.1.0",
        "default-browser-id": "^5.0.0"
      },
      "engines": {
        "node": ">=18"
      },
      "funding": {
        "url": "https://github.com/sponsors/sindresorhus"
      }
    },
    "node_modules/default-browser-id": {
      "version": "5.0.1",
      "resolved": "https://registry.npmjs.org/default-browser-id/-/default-browser-id-5.0.1.tgz",
      "integrity": "sha512-x1VCxdX4t+8wVfd1so/9w+vQ4vx7lKd2Qp5tDRutErwmR85OgmfX7RlLRMWafRMY7hbEiXIbudNrjOAPa/hL8Q==",
      "license": "MIT",
      "engines": {
        "node": ">=18"
      },
      "funding": {
        "url": "https://github.com/sponsors/sindresorhus"
      }
    },
    "node_modules/define-lazy-prop": {
      "version": "3.0.0",
      "resolved": "https://registry.npmjs.org/define-lazy-prop/-/define-lazy-prop-3.0.0.tgz",
      "integrity": "sha512-N+MeXYoqr3pOgn8xfyRPREN7gHakLYjhsHhWGT3fWAiL4IkAt0iDw14QiiEm2bE30c5XX5q0FtAA3CK5f9/BUg==",
      "license": "MIT",
      "engines": {
        "node": ">=12"
      },
      "funding": {
        "url": "https://github.com/sponsors/sindresorhus"
      }
    },
    "node_modules/dotenv": {
      "version": "16.6.1",
      "resolved": "https://registry.npmjs.org/dotenv/-/dotenv-16.6.1.tgz",
      "integrity": "sha512-uBq4egWHTcTt33a72vpSG0z3HnPuIl6NqYcTrKEg2azoEyl2hpW0zqlxysq2pK9HlDIHyHyakeYaYnSAwd8bow==",
      "license": "BSD-2-Clause",
      "engines": {
        "node": ">=12"
      },
      "funding": {
        "url": "https://dotenvx.com"
      }
    },
    "node_modules/event-target-shim": {
      "version": "5.0.1",
      "resolved": "https://registry.npmjs.org/event-target-shim/-/event-target-shim-5.0.1.tgz",
      "integrity": "sha512-i/2XbnSz/uxRCU6+NdVJgKWDTM427+MqYbkQzD321DuCQJUqOuJKIA0IM2+W2xtYHdKOmZ4dR6fExsd4SXL+WQ==",
      "license": "MIT",
      "engines": {
        "node": ">=6"
      }
    },
    "node_modules/eventsource-parser": {
      "version": "1.1.2",
      "resolved": "https://registry.npmjs.org/eventsource-parser/-/eventsource-parser-1.1.2.tgz",
      "integrity": "sha512-v0eOBUbiaFojBu2s2NPBfYUoRR9GjcDNvCXVaqEf5vVfpIAh9f8RCo4vXTP8c63QRKCFwoLpMpTdPwwhEKVgzA==",
      "license": "MIT",
      "engines": {
        "node": ">=14.18"
      }
    },
    "node_modules/is-docker": {
      "version": "3.0.0",
      "resolved": "https://registry.npmjs.org/is-docker/-/is-docker-3.0.0.tgz",
      "integrity": "sha512-eljcgEDlEns/7AXFosB5K/2nCM4P7FQPkGc/DWLy5rmFEWvZayGrik1d9/QIY5nJ4f9YsVvBkA6kJpHn9rISdQ==",
      "license": "MIT",
      "bin": {
        "is-docker": "cli.js"
      },
      "engines": {
        "node": "^12.20.0 || ^14.13.1 || >=16.0.0"
      },
      "funding": {
        "url": "https://github.com/sponsors/sindresorhus"
      }
    },
    "node_modules/is-inside-container": {
      "version": "1.0.0",
      "resolved": "https://registry.npmjs.org/is-inside-container/-/is-inside-container-1.0.0.tgz",
      "integrity": "sha512-KIYLCCJghfHZxqjYBE7rEy0OBuTd5xCHS7tHVgvCLkx7StIoaxwNW3hCALgEUjFfeRk+MG/Qxmp/vtETEF3tRA==",
      "license": "MIT",
      "dependencies": {
        "is-docker": "^3.0.0"
      },
      "bin": {
        "is-inside-container": "cli.js"
      },
      "engines": {
        "node": ">=14.16"
      },
      "funding": {
        "url": "https://github.com/sponsors/sindresorhus"
      }
    },
    "node_modules/is-wsl": {
      "version": "3.1.1",
      "resolved": "https://registry.npmjs.org/is-wsl/-/is-wsl-3.1.1.tgz",
      "integrity": "sha512-e6rvdUCiQCAuumZslxRJWR/Doq4VpPR82kqclvcS0efgt430SlGIk05vdCN58+VrzgtIcfNODjozVielycD4Sw==",
      "license": "MIT",
      "dependencies": {
        "is-inside-container": "^1.0.0"
      },
      "engines": {
        "node": ">=16"
      },
      "funding": {
        "url": "https://github.com/sponsors/sindresorhus"
      }
    },
    "node_modules/mri": {
      "version": "1.2.0",
      "resolved": "https://registry.npmjs.org/mri/-/mri-1.2.0.tgz",
      "integrity": "sha512-tzzskb3bG8LvYGFF/mDTpq3jpI6Q9wc3LEmBaghu+DdCssd1FakN7Bc0hVNmEyGq1bq3RgfkCb3cmQLpNPOroA==",
      "license": "MIT",
      "engines": {
        "node": ">=4"
      }
    },
    "node_modules/ms": {
      "version": "2.1.3",
      "resolved": "https://registry.npmjs.org/ms/-/ms-2.1.3.tgz",
      "integrity": "sha512-6FlzubTLZG3J2a/NVCAleEhjzq5oxgHyaCU9yYXvcLsvoVaHJq/s5xXI6/XXP6tz7R9xAOtHnSO/tXtF3WRTlA==",
      "license": "MIT"
    },
    "node_modules/node-fetch": {
      "version": "2.7.0",
      "resolved": "https://registry.npmjs.org/node-fetch/-/node-fetch-2.7.0.tgz",
      "integrity": "sha512-c4FRfUm/dbcWZ7U+1Wq0AwCyFL+3nt2bEw05wfxSz+DWpWsitgmSgYmy2dQdWyKC1694ELPqMs/YzUSNozLt8A==",
      "license": "MIT",
      "dependencies": {
        "whatwg-url": "^5.0.0"
      },
      "engines": {
        "node": "4.x || >=6.0.0"
      },
      "peerDependencies": {
        "encoding": "^0.1.0"
      },
      "peerDependenciesMeta": {
        "encoding": {
          "optional": true
        }
      }
    },
    "node_modules/open": {
      "version": "10.2.0",
      "resolved": "https://registry.npmjs.org/open/-/open-10.2.0.tgz",
      "integrity": "sha512-YgBpdJHPyQ2UE5x+hlSXcnejzAvD0b22U2OuAP+8OnlJT+PjWPxtgmGqKKc+RgTM63U9gN0YzrYc71R2WT/hTA==",
      "license": "MIT",
      "dependencies": {
        "default-browser": "^5.2.1",
        "define-lazy-prop": "^3.0.0",
        "is-inside-container": "^1.0.0",
        "wsl-utils": "^0.1.0"
      },
      "engines": {
        "node": ">=18"
      },
      "funding": {
        "url": "https://github.com/sponsors/sindresorhus"
      }
    },
    "node_modules/p-timeout": {
      "version": "4.1.0",
      "resolved": "https://registry.npmjs.org/p-timeout/-/p-timeout-4.1.0.tgz",
      "integrity": "sha512-+/wmHtzJuWii1sXn3HCuH/FTwGhrp4tmJTxSKJbfS+vkipci6osxXM5mY0jUiRzWKMTgUT8l7HFbeSwZAynqHw==",
      "license": "MIT",
      "engines": {
        "node": ">=10"
      }
    },
    "node_modules/robot3": {
      "version": "0.4.1",
      "resolved": "https://registry.npmjs.org/robot3/-/robot3-0.4.1.tgz",
      "integrity": "sha512-hzjy826lrxzx8eRgv80idkf8ua1JAepRc9Efdtj03N3KNJuznQCPlyCJ7gnUmDFwZCLQjxy567mQVKmdv2BsXQ==",
      "license": "BSD-2-Clause"
    },
    "node_modules/run-applescript": {
      "version": "7.1.0",
      "resolved": "https://registry.npmjs.org/run-applescript/-/run-applescript-7.1.0.tgz",
      "integrity": "sha512-DPe5pVFaAsinSaV6QjQ6gdiedWDcRCbUuiQfQa2wmWV7+xC9bGulGI8+TdRmoFkAPaBXk8CrAbnlY2ISniJ47Q==",
      "license": "MIT",
      "engines": {
        "node": ">=18"
      },
      "funding": {
        "url": "https://github.com/sponsors/sindresorhus"
      }
    },
    "node_modules/safe-compare": {
      "version": "1.1.4",
      "resolved": "https://registry.npmjs.org/safe-compare/-/safe-compare-1.1.4.tgz",
      "integrity": "sha512-b9wZ986HHCo/HbKrRpBJb2kqXMK9CEWIE1egeEvZsYn69ay3kdfl9nG3RyOcR+jInTDf7a86WQ1d4VJX7goSSQ==",
      "license": "MIT",
      "dependencies": {
        "buffer-alloc": "^1.2.0"
      }
    },
    "node_modules/sandwich-stream": {
      "version": "2.0.2",
      "resolved": "https://registry.npmjs.org/sandwich-stream/-/sandwich-stream-2.0.2.tgz",
      "integrity": "sha512-jLYV0DORrzY3xaz/S9ydJL6Iz7essZeAfnAavsJ+zsJGZ1MOnsS52yRjU3uF3pJa/lla7+wisp//fxOwOH8SKQ==",
      "license": "Apache-2.0",
      "engines": {
        "node": ">= 0.10"
      }
    },
    "node_modules/telegraf": {
      "version": "4.16.3",
      "resolved": "https://registry.npmjs.org/telegraf/-/telegraf-4.16.3.tgz",
      "integrity": "sha512-yjEu2NwkHlXu0OARWoNhJlIjX09dRktiMQFsM678BAH/PEPVwctzL67+tvXqLCRQQvm3SDtki2saGO9hLlz68w==",
      "license": "MIT",
      "dependencies": {
        "@telegraf/types": "^7.1.0",
        "abort-controller": "^3.0.0",
        "debug": "^4.3.4",
        "mri": "^1.2.0",
        "node-fetch": "^2.7.0",
        "p-timeout": "^4.1.0",
        "safe-compare": "^1.1.4",
        "sandwich-stream": "^2.0.2"
      },
      "bin": {
        "telegraf": "lib/cli.mjs"
      },
      "engines": {
        "node": "^12.20.0 || >=14.13.1"
      }
    },
    "node_modules/tr46": {
      "version": "0.0.3",
      "resolved": "https://registry.npmjs.org/tr46/-/tr46-0.0.3.tgz",
      "integrity": "sha512-N3WMsuqV66lT30CrXNbEjx4GEwlow3v6rr4mCcv6prnfwhS01rkgyFdjPNBYd9br7LpXV1+Emh01fHnq2Gdgrw==",
      "license": "MIT"
    },
    "node_modules/webidl-conversions": {
      "version": "3.0.1",
      "resolved": "https://registry.npmjs.org/webidl-conversions/-/webidl-conversions-3.0.1.tgz",
      "integrity": "sha512-2JAn3z8AR6rjK8Sm8orRC0h/bcl/DqL7tRPdGZ4I1CjdF+EaMLmYxBHyXuKL849eucPFhvBoxMsflfOb8kxaeQ==",
      "license": "BSD-2-Clause"
    },
    "node_modules/whatwg-url": {
      "version": "5.0.0",
      "resolved": "https://registry.npmjs.org/whatwg-url/-/whatwg-url-5.0.0.tgz",
      "integrity": "sha512-saE57nupxk6v3HY35+jzBwYa0rKSy0XR8JSxZPwgLr7ys0IBzhGviA1/TUGJLmSVqs8pb9AnvICXEuOHLprYTw==",
      "license": "MIT",
      "dependencies": {
        "tr46": "~0.0.3",
        "webidl-conversions": "^3.0.0"
      }
    },
    "node_modules/wsl-utils": {
      "version": "0.1.0",
      "resolved": "https://registry.npmjs.org/wsl-utils/-/wsl-utils-0.1.0.tgz",
      "integrity": "sha512-h3Fbisa2nKGPxCpm89Hk33lBLsnaGBvctQopaBSOW/uIs6FTe1ATyAnKFJrzVs9vpGdsTe73WF3V4lIsk4Gacw==",
      "license": "MIT",
      "dependencies": {
        "is-wsl": "^3.1.0"
      },
      "engines": {
        "node": ">=18"
      },
      "funding": {
        "url": "https://github.com/sponsors/sindresorhus"
      }
    }
  }
}
